
Microsoft Visual Studio Solution File, Format Version 12.00
# Visual Studio Version 17
VisualStudioVersion = 17.7.34031.279
MinimumVisualStudioVersion = 10.0.40219.1
Project("{FAE04EC0-301F-11D3-BF4B-00C04F79EFBC}") = "Refit.OpenAI", "Refit.OpenAI\Refit.OpenAI.csproj", "{1EB9EC77-D85A-446D-BD09-8C1A6245A267}"
EndProject
Global
	GlobalSection(SolutionConfigurationPlatforms) = preSolution
		Debug|Any CPU = Debug|Any CPU
		Release|Any CPU = Release|Any CPU
	EndGlobalSection
	GlobalSection(ProjectConfigurationPlatforms) = postSolution
		{1EB9EC77-D85A-446D-BD09-8C1A6245A267}.Debug|Any CPU.ActiveCfg = Debug|Any CPU
		{1EB9EC77-D85A-446D-BD09-8C1A6245A267}.Debug|Any CPU.Build.0 = Debug|Any CPU
		{1EB9EC77-D85A-446D-BD09-8C1A6245A267}.Release|Any CPU.ActiveCfg = Release|Any CPU
		{1EB9EC77-D85A-446D-BD09-8C1A6245A267}.Release|Any CPU.Build.0 = Release|Any CPU
	EndGlobalSection
	GlobalSection(SolutionProperties) = preSolution
		HideSolutionNode = FALSE
	EndGlobalSection
	GlobalSection(ExtensibilityGlobals) = postSolution
		SolutionGuid = {6EEA349F-5E68-4BB6-A130-AD89264D3F5C}
	EndGlobalSection
EndGlobal
