
Microsoft Visual Studio Solution File, Format Version 12.00
# Visual Studio Version 17
VisualStudioVersion = 17.7.34031.279
MinimumVisualStudioVersion = 10.0.40219.1
Project("{9A19103F-16F7-4668-BE54-9A1E7A4F7556}") = "ConnectingApps.Refit.OpenAI", "ConnectingApps.Refit.OpenAI\ConnectingApps.Refit.OpenAI.csproj", "{213FCB46-B0CB-4E25-A056-46B348ECE410}"
EndProject
Project("{9A19103F-16F7-4668-BE54-9A1E7A4F7556}") = "ConnectingApps.Refit.OpenAI.IntegrationTest", "ConnectingApps.Refit.OpenAI.IntegrationTest\ConnectingApps.Refit.OpenAI.IntegrationTest.csproj", "{624EF671-9FD9-4F24-958F-8177681DB514}"
EndProject
Project("{9A19103F-16F7-4668-BE54-9A1E7A4F7556}") = "ConnectingApps.Refit.OpenAI.TryOut", "ConnectingApps.Refit.OpenAI.TryOut\ConnectingApps.Refit.OpenAI.TryOut.csproj", "{ADEF16D5-332D-4C24-9C5D-D4446A9E4BCE}"
EndProject
Project("{FAE04EC0-301F-11D3-BF4B-00C04F79EFBC}") = "ConnectingApps.Refit.OpenAI.TryVariation", "ConnectingApps.Refit.OpenAI.TryVariation\ConnectingApps.Refit.OpenAI.TryVariation.csproj", "{9C09FA59-4482-49D1-B608-01EEC49795D9}"
EndProject
Global
	GlobalSection(SolutionConfigurationPlatforms) = preSolution
		Debug|Any CPU = Debug|Any CPU
		Release|Any CPU = Release|Any CPU
	EndGlobalSection
	GlobalSection(ProjectConfigurationPlatforms) = postSolution
		{213FCB46-B0CB-4E25-A056-46B348ECE410}.Debug|Any CPU.ActiveCfg = Debug|Any CPU
		{213FCB46-B0CB-4E25-A056-46B348ECE410}.Debug|Any CPU.Build.0 = Debug|Any CPU
		{213FCB46-B0CB-4E25-A056-46B348ECE410}.Release|Any CPU.ActiveCfg = Release|Any CPU
		{213FCB46-B0CB-4E25-A056-46B348ECE410}.Release|Any CPU.Build.0 = Release|Any CPU
		{624EF671-9FD9-4F24-958F-8177681DB514}.Debug|Any CPU.ActiveCfg = Debug|Any CPU
		{624EF671-9FD9-4F24-958F-8177681DB514}.Debug|Any CPU.Build.0 = Debug|Any CPU
		{624EF671-9FD9-4F24-958F-8177681DB514}.Release|Any CPU.ActiveCfg = Release|Any CPU
		{624EF671-9FD9-4F24-958F-8177681DB514}.Release|Any CPU.Build.0 = Release|Any CPU
		{ADEF16D5-332D-4C24-9C5D-D4446A9E4BCE}.Debug|Any CPU.ActiveCfg = Debug|Any CPU
		{ADEF16D5-332D-4C24-9C5D-D4446A9E4BCE}.Debug|Any CPU.Build.0 = Debug|Any CPU
		{ADEF16D5-332D-4C24-9C5D-D4446A9E4BCE}.Release|Any CPU.ActiveCfg = Release|Any CPU
		{ADEF16D5-332D-4C24-9C5D-D4446A9E4BCE}.Release|Any CPU.Build.0 = Release|Any CPU
		{9C09FA59-4482-49D1-B608-01EEC49795D9}.Debug|Any CPU.ActiveCfg = Debug|Any CPU
		{9C09FA59-4482-49D1-B608-01EEC49795D9}.Debug|Any CPU.Build.0 = Debug|Any CPU
		{9C09FA59-4482-49D1-B608-01EEC49795D9}.Release|Any CPU.ActiveCfg = Release|Any CPU
		{9C09FA59-4482-49D1-B608-01EEC49795D9}.Release|Any CPU.Build.0 = Release|Any CPU
	EndGlobalSection
	GlobalSection(SolutionProperties) = preSolution
		HideSolutionNode = FALSE
	EndGlobalSection
	GlobalSection(ExtensibilityGlobals) = postSolution
		SolutionGuid = {6EEA349F-5E68-4BB6-A130-AD89264D3F5C}
	EndGlobalSection
EndGlobal
